
Microsoft Visual Studio Solution File, Format Version 12.00
# Visual Studio Version 17
VisualStudioVersion = 17.5.33530.505
MinimumVisualStudioVersion = 10.0.40219.1
Project("{FAE04EC0-301F-11D3-BF4B-00C04F79EFBC}") = "IdettaTestServer", "IdettaTestServer.csproj", "{F6972BDE-AB03-41EF-BB57-CA5F219080EE}"
EndProject
Global
	GlobalSection(SolutionConfigurationPlatforms) = preSolution
		Debug|Any CPU = Debug|Any CPU
		Release|Any CPU = Release|Any CPU
	EndGlobalSection
	GlobalSection(ProjectConfigurationPlatforms) = postSolution
		{F6972BDE-AB03-41EF-BB57-CA5F219080EE}.Debug|Any CPU.ActiveCfg = Debug|Any CPU
		{F6972BDE-AB03-41EF-BB57-CA5F219080EE}.Debug|Any CPU.Build.0 = Debug|Any CPU
		{F6972BDE-AB03-41EF-BB57-CA5F219080EE}.Release|Any CPU.ActiveCfg = Release|Any CPU
		{F6972BDE-AB03-41EF-BB57-CA5F219080EE}.Release|Any CPU.Build.0 = Release|Any CPU
	EndGlobalSection
	GlobalSection(SolutionProperties) = preSolution
		HideSolutionNode = FALSE
	EndGlobalSection
	GlobalSection(ExtensibilityGlobals) = postSolution
		SolutionGuid = {0F9CFD3B-FF95-419A-9316-177521D94446}
	EndGlobalSection
EndGlobal
